
Microsoft Visual Studio Solution File, Format Version 12.00
# Visual Studio Version 17
VisualStudioVersion = 17.0.31903.59
MinimumVisualStudioVersion = 10.0.40219.1
Project("{2150E333-8FDC-42A3-9474-1A3956D46DE8}") = "src", "src", "{E1A3A198-2C6F-4628-A3B2-E6CACA34B4A6}"
EndProject
Project("{2150E333-8FDC-42A3-9474-1A3956D46DE8}") = "fizzbuzz", "fizzbuzz", "{0EC4C75F-F636-4EB2-A580-6C2EE65E6C45}"
EndProject
Project("{FAE04EC0-301F-11D3-BF4B-00C04F79EFBC}") = "mc.fizzbuzz.startingpoint", "src\fizzbuzz\startingpoint\mc.fizzbuzz.startingpoint.csproj", "{B5B801C9-87C7-4357-B5E5-02503A047D05}"
EndProject
Project("{FAE04EC0-301F-11D3-BF4B-00C04F79EFBC}") = "mc.fizzbuzz.complete", "src\fizzbuzz\complete\mc.fizzbuzz.complete.csproj", "{F3F5CA94-AAF9-4F23-8B1E-320AAE3F56BB}"
EndProject
Global
	GlobalSection(SolutionConfigurationPlatforms) = preSolution
		Debug|Any CPU = Debug|Any CPU
		Release|Any CPU = Release|Any CPU
	EndGlobalSection
	GlobalSection(SolutionProperties) = preSolution
		HideSolutionNode = FALSE
	EndGlobalSection
	GlobalSection(ProjectConfigurationPlatforms) = postSolution
		{B5B801C9-87C7-4357-B5E5-02503A047D05}.Debug|Any CPU.ActiveCfg = Debug|Any CPU
		{B5B801C9-87C7-4357-B5E5-02503A047D05}.Debug|Any CPU.Build.0 = Debug|Any CPU
		{B5B801C9-87C7-4357-B5E5-02503A047D05}.Release|Any CPU.ActiveCfg = Release|Any CPU
		{B5B801C9-87C7-4357-B5E5-02503A047D05}.Release|Any CPU.Build.0 = Release|Any CPU
		{F3F5CA94-AAF9-4F23-8B1E-320AAE3F56BB}.Debug|Any CPU.ActiveCfg = Debug|Any CPU
		{F3F5CA94-AAF9-4F23-8B1E-320AAE3F56BB}.Debug|Any CPU.Build.0 = Debug|Any CPU
		{F3F5CA94-AAF9-4F23-8B1E-320AAE3F56BB}.Release|Any CPU.ActiveCfg = Release|Any CPU
		{F3F5CA94-AAF9-4F23-8B1E-320AAE3F56BB}.Release|Any CPU.Build.0 = Release|Any CPU
	EndGlobalSection
	GlobalSection(NestedProjects) = preSolution
		{0EC4C75F-F636-4EB2-A580-6C2EE65E6C45} = {E1A3A198-2C6F-4628-A3B2-E6CACA34B4A6}
		{B5B801C9-87C7-4357-B5E5-02503A047D05} = {0EC4C75F-F636-4EB2-A580-6C2EE65E6C45}
		{F3F5CA94-AAF9-4F23-8B1E-320AAE3F56BB} = {0EC4C75F-F636-4EB2-A580-6C2EE65E6C45}
	EndGlobalSection
EndGlobal
