
Microsoft Visual Studio Solution File, Format Version 12.00
# Visual Studio Version 17
VisualStudioVersion = 17.0.31903.59
MinimumVisualStudioVersion = 10.0.40219.1
Project("{2150E333-8FDC-42A3-9474-1A3956D46DE8}") = "src", "src", "{E1A3A198-2C6F-4628-A3B2-E6CACA34B4A6}"
EndProject
Project("{2150E333-8FDC-42A3-9474-1A3956D46DE8}") = "fizzbuzz.console", "fizzbuzz.console", "{773BA949-3FC1-464C-AFD3-A5CD900305FA}"
	ProjectSection(SolutionItems) = preProject
		src\fizzbuzz.console\README.md = src\fizzbuzz.console\README.md
	EndProjectSection
EndProject
Project("{2150E333-8FDC-42A3-9474-1A3956D46DE8}") = "startingpoint", "startingpoint", "{81B32486-0CCC-4C08-9E66-5BFA08DCE545}"
EndProject
Project("{2150E333-8FDC-42A3-9474-1A3956D46DE8}") = "complete", "complete", "{1FDBBC73-B398-49D0-9D61-420A3E1B0679}"
EndProject
Project("{9A19103F-16F7-4668-BE54-9A1E7A4F7556}") = "mc.fizzbuzz.console.complete", "src\fizzbuzz.console\complete\mc.fizzbuzz.console.complete\mc.fizzbuzz.console.complete.csproj", "{AA0A0C8A-47B0-4FC8-B02A-703EFB101FCD}"
EndProject
Project("{9A19103F-16F7-4668-BE54-9A1E7A4F7556}") = "mc.fizzbuzz.console.complete.tests", "src\fizzbuzz.console\complete\mc.fizzbuzz.console.complete.tests\mc.fizzbuzz.console.complete.tests.csproj", "{A9F3566D-8401-4AF6-B2AE-83A8E81B2B2E}"
EndProject
Project("{9A19103F-16F7-4668-BE54-9A1E7A4F7556}") = "mc.fizzbuzz.console.startingpoint", "src\fizzbuzz.console\startingpoint\mc.fizzbuzz.console.startingpoint\mc.fizzbuzz.console.startingpoint.csproj", "{CF918C8E-A598-4373-8573-A83111DFDA0A}"
EndProject
Project("{2150E333-8FDC-42A3-9474-1A3956D46DE8}") = "snakes", "snakes", "{6ACEFCEE-B5F7-46F1-B1EF-2DC9D97BCB7C}"
	ProjectSection(SolutionItems) = preProject
		src\snakes\README.md = src\snakes\README.md
	EndProjectSection
EndProject
Project("{2150E333-8FDC-42A3-9474-1A3956D46DE8}") = "startingpoint", "startingpoint", "{C6FB8A34-F593-48A2-A970-3FB9EE7B7FE6}"
EndProject
Project("{2150E333-8FDC-42A3-9474-1A3956D46DE8}") = "complete", "complete", "{416B5F01-0DEB-4198-A2E5-2754850C223A}"
EndProject
Project("{9A19103F-16F7-4668-BE54-9A1E7A4F7556}") = "mc.snakes.core.complete", "src\snakes\complete\mc.snakes.core.complete\mc.snakes.core.complete.csproj", "{A372EB69-C41D-43C5-B4A5-FC46D1C19D79}"
EndProject
Project("{9A19103F-16F7-4668-BE54-9A1E7A4F7556}") = "mc.snakes.business.complete", "src\snakes\complete\mc.snakes.business.complete\mc.snakes.business.complete.csproj", "{43128EC0-8D0B-47BB-8053-10DA5236E093}"
EndProject
Project("{9A19103F-16F7-4668-BE54-9A1E7A4F7556}") = "mc.snakes.web.complete", "src\snakes\complete\mc.snakes.web.complete\mc.snakes.web.complete.csproj", "{5A0175F5-789F-48CC-813E-447C9AADBB61}"
EndProject
Global
	GlobalSection(SolutionConfigurationPlatforms) = preSolution
		Debug|Any CPU = Debug|Any CPU
		Release|Any CPU = Release|Any CPU
	EndGlobalSection
	GlobalSection(ProjectConfigurationPlatforms) = postSolution
		{AA0A0C8A-47B0-4FC8-B02A-703EFB101FCD}.Debug|Any CPU.ActiveCfg = Debug|Any CPU
		{AA0A0C8A-47B0-4FC8-B02A-703EFB101FCD}.Debug|Any CPU.Build.0 = Debug|Any CPU
		{AA0A0C8A-47B0-4FC8-B02A-703EFB101FCD}.Release|Any CPU.ActiveCfg = Release|Any CPU
		{AA0A0C8A-47B0-4FC8-B02A-703EFB101FCD}.Release|Any CPU.Build.0 = Release|Any CPU
		{A9F3566D-8401-4AF6-B2AE-83A8E81B2B2E}.Debug|Any CPU.ActiveCfg = Debug|Any CPU
		{A9F3566D-8401-4AF6-B2AE-83A8E81B2B2E}.Debug|Any CPU.Build.0 = Debug|Any CPU
		{A9F3566D-8401-4AF6-B2AE-83A8E81B2B2E}.Release|Any CPU.ActiveCfg = Release|Any CPU
		{A9F3566D-8401-4AF6-B2AE-83A8E81B2B2E}.Release|Any CPU.Build.0 = Release|Any CPU
		{CF918C8E-A598-4373-8573-A83111DFDA0A}.Debug|Any CPU.ActiveCfg = Debug|Any CPU
		{CF918C8E-A598-4373-8573-A83111DFDA0A}.Debug|Any CPU.Build.0 = Debug|Any CPU
		{CF918C8E-A598-4373-8573-A83111DFDA0A}.Release|Any CPU.ActiveCfg = Release|Any CPU
		{CF918C8E-A598-4373-8573-A83111DFDA0A}.Release|Any CPU.Build.0 = Release|Any CPU
		{A372EB69-C41D-43C5-B4A5-FC46D1C19D79}.Debug|Any CPU.ActiveCfg = Debug|Any CPU
		{A372EB69-C41D-43C5-B4A5-FC46D1C19D79}.Debug|Any CPU.Build.0 = Debug|Any CPU
		{A372EB69-C41D-43C5-B4A5-FC46D1C19D79}.Release|Any CPU.ActiveCfg = Release|Any CPU
		{A372EB69-C41D-43C5-B4A5-FC46D1C19D79}.Release|Any CPU.Build.0 = Release|Any CPU
		{43128EC0-8D0B-47BB-8053-10DA5236E093}.Debug|Any CPU.ActiveCfg = Debug|Any CPU
		{43128EC0-8D0B-47BB-8053-10DA5236E093}.Debug|Any CPU.Build.0 = Debug|Any CPU
		{43128EC0-8D0B-47BB-8053-10DA5236E093}.Release|Any CPU.ActiveCfg = Release|Any CPU
		{43128EC0-8D0B-47BB-8053-10DA5236E093}.Release|Any CPU.Build.0 = Release|Any CPU
		{5A0175F5-789F-48CC-813E-447C9AADBB61}.Debug|Any CPU.ActiveCfg = Debug|Any CPU
		{5A0175F5-789F-48CC-813E-447C9AADBB61}.Debug|Any CPU.Build.0 = Debug|Any CPU
		{5A0175F5-789F-48CC-813E-447C9AADBB61}.Release|Any CPU.ActiveCfg = Release|Any CPU
		{5A0175F5-789F-48CC-813E-447C9AADBB61}.Release|Any CPU.Build.0 = Release|Any CPU
	EndGlobalSection
	GlobalSection(SolutionProperties) = preSolution
		HideSolutionNode = FALSE
	EndGlobalSection
	GlobalSection(NestedProjects) = preSolution
		{773BA949-3FC1-464C-AFD3-A5CD900305FA} = {E1A3A198-2C6F-4628-A3B2-E6CACA34B4A6}
		{81B32486-0CCC-4C08-9E66-5BFA08DCE545} = {773BA949-3FC1-464C-AFD3-A5CD900305FA}
		{1FDBBC73-B398-49D0-9D61-420A3E1B0679} = {773BA949-3FC1-464C-AFD3-A5CD900305FA}
		{AA0A0C8A-47B0-4FC8-B02A-703EFB101FCD} = {1FDBBC73-B398-49D0-9D61-420A3E1B0679}
		{A9F3566D-8401-4AF6-B2AE-83A8E81B2B2E} = {1FDBBC73-B398-49D0-9D61-420A3E1B0679}
		{CF918C8E-A598-4373-8573-A83111DFDA0A} = {81B32486-0CCC-4C08-9E66-5BFA08DCE545}
		{6ACEFCEE-B5F7-46F1-B1EF-2DC9D97BCB7C} = {E1A3A198-2C6F-4628-A3B2-E6CACA34B4A6}
		{C6FB8A34-F593-48A2-A970-3FB9EE7B7FE6} = {6ACEFCEE-B5F7-46F1-B1EF-2DC9D97BCB7C}
		{416B5F01-0DEB-4198-A2E5-2754850C223A} = {6ACEFCEE-B5F7-46F1-B1EF-2DC9D97BCB7C}
		{A372EB69-C41D-43C5-B4A5-FC46D1C19D79} = {416B5F01-0DEB-4198-A2E5-2754850C223A}
		{43128EC0-8D0B-47BB-8053-10DA5236E093} = {416B5F01-0DEB-4198-A2E5-2754850C223A}
		{5A0175F5-789F-48CC-813E-447C9AADBB61} = {416B5F01-0DEB-4198-A2E5-2754850C223A}
	EndGlobalSection
	GlobalSection(ExtensibilityGlobals) = postSolution
		SolutionGuid = {805D72D9-B25C-45BF-8A57-F659BDE78574}
	EndGlobalSection
EndGlobal
